
Microsoft Visual Studio Solution File, Format Version 12.00
# Visual Studio Version 16
VisualStudioVersion = 16.0.29418.71
MinimumVisualStudioVersion = 10.0.40219.1
Project("{FAE04EC0-301F-11D3-BF4B-00C04F79EFBC}") = "Lab3", "Lab3\Lab3.csproj", "{8DA58A6A-5A0A-44A4-9E69-859C62189613}"
EndProject
Global
	GlobalSection(SolutionConfigurationPlatforms) = preSolution
		Debug|Any CPU = Debug|Any CPU
		Release|Any CPU = Release|Any CPU
	EndGlobalSection
	GlobalSection(ProjectConfigurationPlatforms) = postSolution
		{8DA58A6A-5A0A-44A4-9E69-859C62189613}.Debug|Any CPU.ActiveCfg = Debug|Any CPU
		{8DA58A6A-5A0A-44A4-9E69-859C62189613}.Debug|Any CPU.Build.0 = Debug|Any CPU
		{8DA58A6A-5A0A-44A4-9E69-859C62189613}.Release|Any CPU.ActiveCfg = Release|Any CPU
		{8DA58A6A-5A0A-44A4-9E69-859C62189613}.Release|Any CPU.Build.0 = Release|Any CPU
	EndGlobalSection
	GlobalSection(SolutionProperties) = preSolution
		HideSolutionNode = FALSE
	EndGlobalSection
	GlobalSection(ExtensibilityGlobals) = postSolution
		SolutionGuid = {3959D066-0EEB-41F5-B317-8B9C39A64AB7}
	EndGlobalSection
EndGlobal
